
Microsoft Visual Studio Solution File, Format Version 12.00
# Visual Studio 15
VisualStudioVersion = 15.0.28107.0
MinimumVisualStudioVersion = 10.0.40219.1
Project("{FAE04EC0-301F-11D3-BF4B-00C04F79EFBC}") = "Bookit", "Bookit\Bookit.csproj", "{9B67AFC7-B96A-4CD7-AE6A-D572363D2964}"
EndProject
Global
	GlobalSection(SolutionConfigurationPlatforms) = preSolution
		Debug|Any CPU = Debug|Any CPU
		Release|Any CPU = Release|Any CPU
	EndGlobalSection
	GlobalSection(ProjectConfigurationPlatforms) = postSolution
		{9B67AFC7-B96A-4CD7-AE6A-D572363D2964}.Debug|Any CPU.ActiveCfg = Debug|Any CPU
		{9B67AFC7-B96A-4CD7-AE6A-D572363D2964}.Debug|Any CPU.Build.0 = Debug|Any CPU
		{9B67AFC7-B96A-4CD7-AE6A-D572363D2964}.Release|Any CPU.ActiveCfg = Release|Any CPU
		{9B67AFC7-B96A-4CD7-AE6A-D572363D2964}.Release|Any CPU.Build.0 = Release|Any CPU
	EndGlobalSection
	GlobalSection(SolutionProperties) = preSolution
		HideSolutionNode = FALSE
	EndGlobalSection
	GlobalSection(ExtensibilityGlobals) = postSolution
		SolutionGuid = {C3AC2DC8-D033-46EF-9D8B-6511B4B598D5}
	EndGlobalSection
EndGlobal
